
Microsoft Visual Studio Solution File, Format Version 12.00
# Visual Studio Version 17
VisualStudioVersion = 17.8.34322.80
MinimumVisualStudioVersion = 10.0.40219.1
Project("{FAE04EC0-301F-11D3-BF4B-00C04F79EFBC}") = "firebase.pushnotification", "firebase.pushnotification.csproj", "{FDCAB515-4847-4434-BBC9-C6BA506AB1E2}"
EndProject
Global
	GlobalSection(SolutionConfigurationPlatforms) = preSolution
		Debug|Any CPU = Debug|Any CPU
		Release|Any CPU = Release|Any CPU
	EndGlobalSection
	GlobalSection(ProjectConfigurationPlatforms) = postSolution
		{FDCAB515-4847-4434-BBC9-C6BA506AB1E2}.Debug|Any CPU.ActiveCfg = Debug|Any CPU
		{FDCAB515-4847-4434-BBC9-C6BA506AB1E2}.Debug|Any CPU.Build.0 = Debug|Any CPU
		{FDCAB515-4847-4434-BBC9-C6BA506AB1E2}.Release|Any CPU.ActiveCfg = Release|Any CPU
		{FDCAB515-4847-4434-BBC9-C6BA506AB1E2}.Release|Any CPU.Build.0 = Release|Any CPU
	EndGlobalSection
	GlobalSection(SolutionProperties) = preSolution
		HideSolutionNode = FALSE
	EndGlobalSection
	GlobalSection(ExtensibilityGlobals) = postSolution
		SolutionGuid = {77B45309-2998-4E06-A523-6E5B4E4F5A9E}
	EndGlobalSection
EndGlobal
